// !$*UTF8*$!
{
	archiveVersion = 1;
	classes = {
	};
	objectVersion = 48;
	objects = {

/* Begin PBXBuildFile section */
		B89C3D6A2010B2AC0070E779 /* AppDelegate.m in Sources */ = {isa = PBXBuildFile; fileRef = B89C3D692010B2AC0070E779 /* AppDelegate.m */; };
		B89C3D6D2010B2AC0070E779 /* MasterViewController.m in Sources */ = {isa = PBXBuildFile; fileRef = B89C3D6C2010B2AC0070E779 /* MasterViewController.m */; };
		B89C3D702010B2AC0070E779 /* DetailViewController.m in Sources */ = {isa = PBXBuildFile; fileRef = B89C3D6F2010B2AC0070E779 /* DetailViewController.m */; };
		B89C3D732010B2AC0070E779 /* Main.storyboard in Resources */ = {isa = PBXBuildFile; fileRef = B89C3D712010B2AC0070E779 /* Main.storyboard */; };
		B89C3D752010B2AC0070E779 /* Assets.xcassets in Resources */ = {isa = PBXBuildFile; fileRef = B89C3D742010B2AC0070E779 /* Assets.xcassets */; };
		B89C3D782010B2AC0070E779 /* LaunchScreen.storyboard in Resources */ = {isa = PBXBuildFile; fileRef = B89C3D762010B2AC0070E779 /* LaunchScreen.storyboard */; };
		B89C3D7B2010B2AC0070E779 /* main.m in Sources */ = {isa = PBXBuildFile; fileRef = B89C3D7A2010B2AC0070E779 /* main.m */; };
/* End PBXBuildFile section */

/* Begin PBXFileReference section */
		B89C3D652010B2AC0070E779 /* MasterDetailObj.app */ = {isa = PBXFileReference; explicitFileType = wrapper.application; includeInIndex = 0; path = MasterDetailObj.app; sourceTree = BUILT_PRODUCTS_DIR; };
		B89C3D682010B2AC0070E779 /* AppDelegate.h */ = {isa = PBXFileReference; lastKnownFileType = sourcecode.c.h; path = AppDelegate.h; sourceTree = "<group>"; };
		B89C3D692010B2AC0070E779 /* AppDelegate.m */ = {isa = PBXFileReference; lastKnownFileType = sourcecode.c.objc; path = AppDelegate.m; sourceTree = "<group>"; };
		B89C3D6B2010B2AC0070E779 /* MasterViewController.h */ = {isa = PBXFileReference; lastKnownFileType = sourcecode.c.h; path = MasterViewController.h; sourceTree = "<group>"; };
		B89C3D6C2010B2AC0070E779 /* MasterViewController.m */ = {isa = PBXFileReference; lastKnownFileType = sourcecode.c.objc; path = MasterViewController.m; sourceTree = "<group>"; };
		B89C3D6E2010B2AC0070E779 /* DetailViewController.h */ = {isa = PBXFileReference; lastKnownFileType = sourcecode.c.h; path = DetailViewController.h; sourceTree = "<group>"; };
		B89C3D6F2010B2AC0070E779 /* DetailViewController.m */ = {isa = PBXFileReference; lastKnownFileType = sourcecode.c.objc; path = DetailViewController.m; sourceTree = "<group>"; };
		B89C3D722010B2AC0070E779 /* Base */ = {isa = PBXFileReference; lastKnownFileType = file.storyboard; name = Base; path = Base.lproj/Main.storyboard; sourceTree = "<group>"; };
		B89C3D742010B2AC0070E779 /* Assets.xcassets */ = {isa = PBXFileReference; lastKnownFileType = folder.assetcatalog; path = Assets.xcassets; sourceTree = "<group>"; };
		B89C3D772010B2AC0070E779 /* Base */ = {isa = PBXFileReference; lastKnownFileType = file.storyboard; name = Base; path = Base.lproj/LaunchScreen.storyboard; sourceTree = "<group>"; };
		B89C3D792010B2AC0070E779 /* Info.plist */ = {isa = PBXFileReference; lastKnownFileType = text.plist.xml; path = Info.plist; sourceTree = "<group>"; };
		B89C3D7A2010B2AC0070E779 /* main.m */ = {isa = PBXFileReference; lastKnownFileType = sourcecode.c.objc; path = main.m; sourceTree = "<group>"; };
/* End PBXFileReference section */

/* Begin PBXFrameworksBuildPhase section */
		B89C3D622010B2AC0070E779 /* Frameworks */ = {
			isa = PBXFrameworksBuildPhase;
			buildActionMask = 2147483647;
			files = (
			);
			runOnlyForDeploymentPostprocessing = 0;
		};
/* End PBXFrameworksBuildPhase section */

/* Begin PBXGroup section */
		B89C3D5C2010B2AC0070E779 = {
			isa = PBXGroup;
			children = (
				B89C3D672010B2AC0070E779 /* MasterDetailObj */,
				B89C3D662010B2AC0070E779 /* Products */,
			);
			sourceTree = "<group>";
		};
		B89C3D662010B2AC0070E779 /* Products */ = {
			isa = PBXGroup;
			children = (
				B89C3D652010B2AC0070E779 /* MasterDetailObj.app */,
			);
			name = Products;
			sourceTree = "<group>";
		};
		B89C3D672010B2AC0070E779 /* MasterDetailObj */ = {
			isa = PBXGroup;
			children = (
				B89C3D682010B2AC0070E779 /* AppDelegate.h */,
				B89C3D692010B2AC0070E779 /* AppDelegate.m */,
				B89C3D6B2010B2AC0070E779 /* MasterViewController.h */,
				B89C3D6C2010B2AC0070E779 /* MasterViewController.m */,
				B89C3D6E2010B2AC0070E779 /* DetailViewController.h */,
				B89C3D6F2010B2AC0070E779 /* DetailViewController.m */,
				B89C3D712010B2AC0070E779 /* Main.storyboard */,
				B89C3D742010B2AC0070E779 /* Assets.xcassets */,
				B89C3D762010B2AC0070E779 /* LaunchScreen.storyboard */,
				B89C3D792010B2AC0070E779 /* Info.plist */,
				B89C3D7A2010B2AC0070E779 /* main.m */,
			);
			path = MasterDetailObj;
			sourceTree = "<group>";
		};
/* End PBXGroup section */

/* Begin PBXNativeTarget section */
		B89C3D642010B2AC0070E779 /* MasterDetailObj */ = {
			isa = PBXNativeTarget;
			buildConfigurationList = B89C3D7E2010B2AC0070E779 /* Build configuration list for PBXNativeTarget "MasterDetailObj" */;
			buildPhases = (
				B89C3D612010B2AC0070E779 /* Sources */,
				B89C3D622010B2AC0070E779 /* Frameworks */,
				B89C3D632010B2AC0070E779 /* Resources */,
			);
			buildRules = (
			);
			dependencies = (
			);
			name = MasterDetailObj;
			productName = MasterDetailObj;
			productReference = B89C3D652010B2AC0070E779 /* MasterDetailObj.app */;
			productType = "com.apple.product-type.application";
		};
/* End PBXNativeTarget section */

/* Begin PBXProject section */
		B89C3D5D2010B2AC0070E779 /* Project object */ = {
			isa = PBXProject;
			attributes = {
				LastUpgradeCheck = 0920;
				ORGANIZATIONNAME = LuyenBG;
				TargetAttributes = {
					B89C3D642010B2AC0070E779 = {
						CreatedOnToolsVersion = 9.2;
						ProvisioningStyle = Automatic;
					};
				};
			};
			buildConfigurationList = B89C3D602010B2AC0070E779 /* Build configuration list for PBXProject "MasterDetailObj" */;
			compatibilityVersion = "Xcode 8.0";
			developmentRegion = en;
			hasScannedForEncodings = 0;
			knownRegions = (
				en,
				Base,
			);
			mainGroup = B89C3D5C2010B2AC0070E779;
			productRefGroup = B89C3D662010B2AC0070E779 /* Products */;
			projectDirPath = "";
			projectRoot = "";
			targets = (
				B89C3D642010B2AC0070E779 /* MasterDetailObj */,
			);
		};
/* End PBXProject section */

/* Begin PBXResourcesBuildPhase section */
		B89C3D632010B2AC0070E779 /* Resources */ = {
			isa = PBXResourcesBuildPhase;
			buildActionMask = 2147483647;
			files = (
				B89C3D782010B2AC0070E779 /* LaunchScreen.storyboard in Resources */,
				B89C3D752010B2AC0070E779 /* Assets.xcassets in Resources */,
				B89C3D732010B2AC0070E779 /* Main.storyboard in Resources */,
			);
			runOnlyForDeploymentPostprocessing = 0;
		};
/* End PBXResourcesBuildPhase section */

/* Begin PBXSourcesBuildPhase section */
		B89C3D612010B2AC0070E779 /* Sources */ = {
			isa = PBXSourcesBuildPhase;
			buildActionMask = 2147483647;
			files = (
				B89C3D6D2010B2AC0070E779 /* MasterViewController.m in Sources */,
				B89C3D6A2010B2AC0070E779 /* AppDelegate.m in Sources */,
				B89C3D7B2010B2AC0070E779 /* main.m in Sources */,
				B89C3D702010B2AC0070E779 /* DetailViewController.m in Sources */,
			);
			runOnlyForDeploymentPostprocessing = 0;
		};
/* End PBXSourcesBuildPhase section */

/* Begin PBXVariantGroup section */
		B89C3D712010B2AC0070E779 /* Main.storyboard */ = {
			isa = PBXVariantGroup;
			children = (
				B89C3D722010B2AC0070E779 /* Base */,
			);
			name = Main.storyboard;
			sourceTree = "<group>";
		};
		B89C3D762010B2AC0070E779 /* LaunchScreen.storyboard */ = {
			isa = PBXVariantGroup;
			children = (
				B89C3D772010B2AC0070E779 /* Base */,
			);
			name = LaunchScreen.storyboard;
			sourceTree = "<group>";
		};
/* End PBXVariantGroup section */

/* Begin XCBuildConfiguration section */
		B89C3D7C2010B2AC0070E779 /* Debug */ = {
			isa = XCBuildConfiguration;
			buildSettings = {
				ALWAYS_SEARCH_USER_PATHS = NO;
				CLANG_ANALYZER_NONNULL = YES;
				CLANG_ANALYZER_NUMBER_OBJECT_CONVERSION = YES_AGGRESSIVE;
				CLANG_CXX_LANGUAGE_STANDARD = "gnu++14";
				CLANG_CXX_LIBRARY = "libc++";
				CLANG_ENABLE_MODULES = YES;
				CLANG_ENABLE_OBJC_ARC = YES;
				CLANG_WARN_BLOCK_CAPTURE_AUTORELEASING = YES;
				CLANG_WARN_BOOL_CONVERSION = YES;
				CLANG_WARN_COMMA = YES;
				CLANG_WARN_CONSTANT_CONVERSION = YES;
				CLANG_WARN_DIRECT_OBJC_ISA_USAGE = YES_ERROR;
				CLANG_WARN_DOCUMENTATION_COMMENTS = YES;
				CLANG_WARN_EMPTY_BODY = YES;
				CLANG_WARN_ENUM_CONVERSION = YES;
				CLANG_WARN_INFINITE_RECURSION = YES;
				CLANG_WARN_INT_CONVERSION = YES;
				CLANG_WARN_NON_LITERAL_NULL_CONVERSION = YES;
				CLANG_WARN_OBJC_LITERAL_CONVERSION = YES;
				CLANG_WARN_OBJC_ROOT_CLASS = YES_ERROR;
				CLANG_WARN_RANGE_LOOP_ANALYSIS = YES;
				CLANG_WARN_STRICT_PROTOTYPES = YES;
				CLANG_WARN_SUSPICIOUS_MOVE = YES;
				CLANG_WARN_UNGUARDED_AVAILABILITY = YES_AGGRESSIVE;
				CLANG_WARN_UNREACHABLE_CODE = YES;
				CLANG_WARN__DUPLICATE_METHOD_MATCH = YES;
				CODE_SIGN_IDENTITY = "iPhone Developer";
				COPY_PHASE_STRIP = NO;
				DEBUG_INFORMATION_FORMAT = dwarf;
				ENABLE_STRICT_OBJC_MSGSEND = YES;
				ENABLE_TESTABILITY = YES;
				GCC_C_LANGUAGE_STANDARD = gnu11;
				GCC_DYNAMIC_NO_PIC = NO;
				GCC_NO_COMMON_BLOCKS = YES;
				GCC_OPTIMIZATION_LEVEL = 0;
				GCC_PREPROCESSOR_DEFINITIONS = (
					"DEBUG=1",
					"$(inherited)",
				);
				GCC_WARN_64_TO_32_BIT_CONVERSION = YES;
				GCC_WARN_ABOUT_RETURN_TYPE = YES_ERROR;
				GCC_WARN_UNDECLARED_SELECTOR = YES;
				GCC_WARN_UNINITIALIZED_AUTOS = YES_AGGRESSIVE;
				GCC_WARN_UNUSED_FUNCTION = YES;
				GCC_WARN_UNUSED_VARIABLE = YES;
				IPHONEOS_DEPLOYMENT_TARGET = 11.2;
				MTL_ENABLE_DEBUG_INFO = YES;
				ONLY_ACTIVE_ARCH = YES;
				SDKROOT = iphoneos;
			};
			name = Debug;
		};
		B89C3D7D2010B2AC0070E779 /* Release */ = {
			isa = XCBuildConfiguration;
			buildSettings = {
				ALWAYS_SEARCH_USER_PATHS = NO;
				CLANG_ANALYZER_NONNULL = YES;
				CLANG_ANALYZER_NUMBER_OBJECT_CONVERSION = YES_AGGRESSIVE;
				CLANG_CXX_LANGUAGE_STANDARD = "gnu++14";
				CLANG_CXX_LIBRARY = "libc++";
				CLANG_ENABLE_MODULES = YES;
				CLANG_ENABLE_OBJC_ARC = YES;
				CLANG_WARN_BLOCK_CAPTURE_AUTORELEASING = YES;
				CLANG_WARN_BOOL_CONVERSION = YES;
				CLANG_WARN_COMMA = YES;
				CLANG_WARN_CONSTANT_CONVERSION = YES;
				CLANG_WARN_DIRECT_OBJC_ISA_USAGE = YES_ERROR;
				CLANG_WARN_DOCUMENTATION_COMMENTS = YES;
				CLANG_WARN_EMPTY_BODY = YES;
				CLANG_WARN_ENUM_CONVERSION = YES;
				CLANG_WARN_INFINITE_RECURSION = YES;
				CLANG_WARN_INT_CONVERSION = YES;
				CLANG_WARN_NON_LITERAL_NULL_CONVERSION = YES;
				CLANG_WARN_OBJC_LITERAL_CONVERSION = YES;
				CLANG_WARN_OBJC_ROOT_CLASS = YES_ERROR;
				CLANG_WARN_RANGE_LOOP_ANALYSIS = YES;
				CLANG_WARN_STRICT_PROTOTYPES = YES;
				CLANG_WARN_SUSPICIOUS_MOVE = YES;
				CLANG_WARN_UNGUARDED_AVAILABILITY = YES_AGGRESSIVE;
				CLANG_WARN_UNREACHABLE_CODE = YES;
				CLANG_WARN__DUPLICATE_METHOD_MATCH = YES;
				CODE_SIGN_IDENTITY = "iPhone Developer";
				COPY_PHASE_STRIP = NO;
				DEBUG_INFORMATION_FORMAT = "dwarf-with-dsym";
				ENABLE_NS_ASSERTIONS = NO;
				ENABLE_STRICT_OBJC_MSGSEND = YES;
				GCC_C_LANGUAGE_STANDARD = gnu11;
				GCC_NO_COMMON_BLOCKS = YES;
				GCC_WARN_64_TO_32_BIT_CONVERSION = YES;
				GCC_WARN_ABOUT_RETURN_TYPE = YES_ERROR;
				GCC_WARN_UNDECLARED_SELECTOR = YES;
				GCC_WARN_UNINITIALIZED_AUTOS = YES_AGGRESSIVE;
				GCC_WARN_UNUSED_FUNCTION = YES;
				GCC_WARN_UNUSED_VARIABLE = YES;
				IPHONEOS_DEPLOYMENT_TARGET = 11.2;
				MTL_ENABLE_DEBUG_INFO = NO;
				SDKROOT = iphoneos;
				VALIDATE_PRODUCT = YES;
			};
			name = Release;
		};
		B89C3D7F2010B2AC0070E779 /* Debug */ = {
			isa = XCBuildConfiguration;
			buildSettings = {
				ASSETCATALOG_COMPILER_APPICON_NAME = AppIcon;
				CODE_SIGN_STYLE = Automatic;
				INFOPLIST_FILE = MasterDetailObj/Info.plist;
				LD_RUNPATH_SEARCH_PATHS = "$(inherited) @executable_path/Frameworks";
				PRODUCT_BUNDLE_IDENTIFIER = hoangluyen.MasterDetailObj;
				PRODUCT_NAME = "$(TARGET_NAME)";
				TARGETED_DEVICE_FAMILY = "1,2";
			};
			name = Debug;
		};
		B89C3D802010B2AC0070E779 /* Release */ = {
			isa = XCBuildConfiguration;
			buildSettings = {
				ASSETCATALOG_COMPILER_APPICON_NAME = AppIcon;
				CODE_SIGN_STYLE = Automatic;
				INFOPLIST_FILE = MasterDetailObj/Info.plist;
				LD_RUNPATH_SEARCH_PATHS = "$(inherited) @executable_path/Frameworks";
				PRODUCT_BUNDLE_IDENTIFIER = hoangluyen.MasterDetailObj;
				PRODUCT_NAME = "$(TARGET_NAME)";
				TARGETED_DEVICE_FAMILY = "1,2";
			};
			name = Release;
		};
/* End XCBuildConfiguration section */

/* Begin XCConfigurationList section */
		B89C3D602010B2AC0070E779 /* Build configuration list for PBXProject "MasterDetailObj" */ = {
			isa = XCConfigurationList;
			buildConfigurations = (
				B89C3D7C2010B2AC0070E779 /* Debug */,
				B89C3D7D2010B2AC0070E779 /* Release */,
			);
			defaultConfigurationIsVisible = 0;
			defaultConfigurationName = Release;
		};
		B89C3D7E2010B2AC0070E779 /* Build configuration list for PBXNativeTarget "MasterDetailObj" */ = {
			isa = XCConfigurationList;
			buildConfigurations = (
				B89C3D7F2010B2AC0070E779 /* Debug */,
				B89C3D802010B2AC0070E779 /* Release */,
			);
			defaultConfigurationIsVisible = 0;
			defaultConfigurationName = Release;
		};
/* End XCConfigurationList section */
	};
	rootObject = B89C3D5D2010B2AC0070E779 /* Project object */;
}
